
Microsoft Visual Studio Solution File, Format Version 12.00
# Visual Studio 14
VisualStudioVersion = 14.0.22823.1
MinimumVisualStudioVersion = 10.0.40219.1
Project("{FAE04EC0-301F-11D3-BF4B-00C04F79EFBC}") = "MC.Console", "MC.Console\MC.Console.csproj", "{F91BDB75-909A-4CAE-B8BC-75F634E252E9}"
EndProject
Project("{FAE04EC0-301F-11D3-BF4B-00C04F79EFBC}") = "MC.Apple", "MC.Apple\MC.Apple.csproj", "{9471883D-11D7-4498-BE5A-8B2ABB3D87BC}"
EndProject
Project("{FAE04EC0-301F-11D3-BF4B-00C04F79EFBC}") = "MC.Android", "MC.Android\MC.Android.csproj", "{E3BA8186-FE45-494A-BD79-8673A361857A}"
EndProject
Project("{FAE04EC0-301F-11D3-BF4B-00C04F79EFBC}") = "MC.Windows", "MC.Windows\MC.Windows.csproj", "{D86AB7A9-B63C-493D-A911-5AC71BE7C59C}"
EndProject
Project("{FAE04EC0-301F-11D3-BF4B-00C04F79EFBC}") = "MC.Desktop", "MC.Desktop\MC.Desktop.csproj", "{3D448852-71F9-471F-ACD0-B4A8AC9A5208}"
EndProject
Project("{D954291E-2A0B-460D-934E-DC6B0785DB48}") = "MC.Common", "MC.Common\MC.Common.shproj", "{A1734DE7-B1E2-47E3-B70C-F3223191C4CC}"
EndProject
Project("{D954291E-2A0B-460D-934E-DC6B0785DB48}") = "MC.Core", "MC.Core\MC.Core.shproj", "{F3BF2B94-38C6-42F3-ABA5-1ED790335558}"
EndProject
Project("{D954291E-2A0B-460D-934E-DC6B0785DB48}") = "MC.MockServer", "MC.MockServer\MC.MockServer.shproj", "{04D7A1D5-B8D9-4B9F-89F5-45BC05591C99}"
EndProject
Project("{D954291E-2A0B-460D-934E-DC6B0785DB48}") = "MC.Game", "MC.Game\MC.Game.shproj", "{8F8D47AA-F470-4780-ACDD-25C19BD21A59}"
EndProject
Project("{FAE04EC0-301F-11D3-BF4B-00C04F79EFBC}") = "MC.Res", "MC.Resources\MC.Res.csproj", "{F0B0BC6E-D4AB-4B1A-9937-80798B243C78}"
EndProject
Project("{FAE04EC0-301F-11D3-BF4B-00C04F79EFBC}") = "MC.MockServer.Res", "MC.MockServer.Res\MC.MockServer.Res.csproj", "{31700EEA-6A9E-4E2D-83B6-73B02EBCE944}"
EndProject
Global
	GlobalSection(SharedMSBuildProjectFiles) = preSolution
		MC.Game\MC.Game.projitems*{e3ba8186-fe45-494a-bd79-8673a361857a}*SharedItemsImports = 4
		MC.Core\MC.Core.projitems*{e3ba8186-fe45-494a-bd79-8673a361857a}*SharedItemsImports = 4
		MC.Common\MC.Common.projitems*{e3ba8186-fe45-494a-bd79-8673a361857a}*SharedItemsImports = 4
		MC.MockServer\MC.MockServer.projitems*{e3ba8186-fe45-494a-bd79-8673a361857a}*SharedItemsImports = 4
		MC.Core\MC.Core.projitems*{f3bf2b94-38c6-42f3-aba5-1ed790335558}*SharedItemsImports = 13
		MC.Common\MC.Common.projitems*{a1734de7-b1e2-47e3-b70c-f3223191c4cc}*SharedItemsImports = 13
		MC.Game\MC.Game.projitems*{3d448852-71f9-471f-acd0-b4a8ac9a5208}*SharedItemsImports = 4
		MC.Core\MC.Core.projitems*{3d448852-71f9-471f-acd0-b4a8ac9a5208}*SharedItemsImports = 4
		MC.Common\MC.Common.projitems*{3d448852-71f9-471f-acd0-b4a8ac9a5208}*SharedItemsImports = 4
		MC.MockServer\MC.MockServer.projitems*{3d448852-71f9-471f-acd0-b4a8ac9a5208}*SharedItemsImports = 4
		MC.MockServer\MC.MockServer.projitems*{04d7a1d5-b8d9-4b9f-89f5-45bc05591c99}*SharedItemsImports = 13
		MC.Game\MC.Game.projitems*{9471883d-11d7-4498-be5a-8b2abb3d87bc}*SharedItemsImports = 4
		MC.Core\MC.Core.projitems*{9471883d-11d7-4498-be5a-8b2abb3d87bc}*SharedItemsImports = 4
		MC.Common\MC.Common.projitems*{9471883d-11d7-4498-be5a-8b2abb3d87bc}*SharedItemsImports = 4
		MC.MockServer\MC.MockServer.projitems*{9471883d-11d7-4498-be5a-8b2abb3d87bc}*SharedItemsImports = 4
		MC.Core\MC.Core.projitems*{f91bdb75-909a-4cae-b8bc-75f634e252e9}*SharedItemsImports = 4
		MC.Common\MC.Common.projitems*{f91bdb75-909a-4cae-b8bc-75f634e252e9}*SharedItemsImports = 4
		MC.MockServer\MC.MockServer.projitems*{f91bdb75-909a-4cae-b8bc-75f634e252e9}*SharedItemsImports = 4
		MC.Game\MC.Game.projitems*{d86ab7a9-b63c-493d-a911-5ac71be7c59c}*SharedItemsImports = 4
		MC.Core\MC.Core.projitems*{d86ab7a9-b63c-493d-a911-5ac71be7c59c}*SharedItemsImports = 4
		MC.Common\MC.Common.projitems*{d86ab7a9-b63c-493d-a911-5ac71be7c59c}*SharedItemsImports = 4
		MC.MockServer\MC.MockServer.projitems*{d86ab7a9-b63c-493d-a911-5ac71be7c59c}*SharedItemsImports = 4
		MC.Game\MC.Game.projitems*{8f8d47aa-f470-4780-acdd-25c19bd21a59}*SharedItemsImports = 13
	EndGlobalSection
	GlobalSection(SolutionConfigurationPlatforms) = preSolution
		Ad-Hoc|Any CPU = Ad-Hoc|Any CPU
		Ad-Hoc|ARM = Ad-Hoc|ARM
		Ad-Hoc|iPhone = Ad-Hoc|iPhone
		Ad-Hoc|iPhoneSimulator = Ad-Hoc|iPhoneSimulator
		Ad-Hoc|x86 = Ad-Hoc|x86
		AppStore|Any CPU = AppStore|Any CPU
		AppStore|ARM = AppStore|ARM
		AppStore|iPhone = AppStore|iPhone
		AppStore|iPhoneSimulator = AppStore|iPhoneSimulator
		AppStore|x86 = AppStore|x86
		Debug|Any CPU = Debug|Any CPU
		Debug|ARM = Debug|ARM
		Debug|iPhone = Debug|iPhone
		Debug|iPhoneSimulator = Debug|iPhoneSimulator
		Debug|x86 = Debug|x86
		Release|Any CPU = Release|Any CPU
		Release|ARM = Release|ARM
		Release|iPhone = Release|iPhone
		Release|iPhoneSimulator = Release|iPhoneSimulator
		Release|x86 = Release|x86
	EndGlobalSection
	GlobalSection(ProjectConfigurationPlatforms) = postSolution
		{F91BDB75-909A-4CAE-B8BC-75F634E252E9}.Ad-Hoc|Any CPU.ActiveCfg = Release|Any CPU
		{F91BDB75-909A-4CAE-B8BC-75F634E252E9}.Ad-Hoc|ARM.ActiveCfg = Release|Any CPU
		{F91BDB75-909A-4CAE-B8BC-75F634E252E9}.Ad-Hoc|iPhone.ActiveCfg = Release|Any CPU
		{F91BDB75-909A-4CAE-B8BC-75F634E252E9}.Ad-Hoc|iPhoneSimulator.ActiveCfg = Release|Any CPU
		{F91BDB75-909A-4CAE-B8BC-75F634E252E9}.Ad-Hoc|x86.ActiveCfg = Release|Any CPU
		{F91BDB75-909A-4CAE-B8BC-75F634E252E9}.AppStore|Any CPU.ActiveCfg = Release|Any CPU
		{F91BDB75-909A-4CAE-B8BC-75F634E252E9}.AppStore|ARM.ActiveCfg = Release|Any CPU
		{F91BDB75-909A-4CAE-B8BC-75F634E252E9}.AppStore|iPhone.ActiveCfg = Release|Any CPU
		{F91BDB75-909A-4CAE-B8BC-75F634E252E9}.AppStore|iPhoneSimulator.ActiveCfg = Release|Any CPU
		{F91BDB75-909A-4CAE-B8BC-75F634E252E9}.AppStore|x86.ActiveCfg = Release|Any CPU
		{F91BDB75-909A-4CAE-B8BC-75F634E252E9}.Debug|Any CPU.ActiveCfg = Debug|Any CPU
		{F91BDB75-909A-4CAE-B8BC-75F634E252E9}.Debug|Any CPU.Build.0 = Debug|Any CPU
		{F91BDB75-909A-4CAE-B8BC-75F634E252E9}.Debug|ARM.ActiveCfg = Debug|Any CPU
		{F91BDB75-909A-4CAE-B8BC-75F634E252E9}.Debug|iPhone.ActiveCfg = Debug|Any CPU
		{F91BDB75-909A-4CAE-B8BC-75F634E252E9}.Debug|iPhoneSimulator.ActiveCfg = Debug|Any CPU
		{F91BDB75-909A-4CAE-B8BC-75F634E252E9}.Debug|x86.ActiveCfg = Debug|Any CPU
		{F91BDB75-909A-4CAE-B8BC-75F634E252E9}.Release|Any CPU.ActiveCfg = Release|Any CPU
		{F91BDB75-909A-4CAE-B8BC-75F634E252E9}.Release|Any CPU.Build.0 = Release|Any CPU
		{F91BDB75-909A-4CAE-B8BC-75F634E252E9}.Release|ARM.ActiveCfg = Release|Any CPU
		{F91BDB75-909A-4CAE-B8BC-75F634E252E9}.Release|iPhone.ActiveCfg = Release|Any CPU
		{F91BDB75-909A-4CAE-B8BC-75F634E252E9}.Release|iPhoneSimulator.ActiveCfg = Release|Any CPU
		{F91BDB75-909A-4CAE-B8BC-75F634E252E9}.Release|x86.ActiveCfg = Release|Any CPU
		{9471883D-11D7-4498-BE5A-8B2ABB3D87BC}.Ad-Hoc|Any CPU.ActiveCfg = Ad-Hoc|iPhoneSimulator
		{9471883D-11D7-4498-BE5A-8B2ABB3D87BC}.Ad-Hoc|ARM.ActiveCfg = Ad-Hoc|iPhone
		{9471883D-11D7-4498-BE5A-8B2ABB3D87BC}.Ad-Hoc|iPhone.ActiveCfg = Ad-Hoc|iPhone
		{9471883D-11D7-4498-BE5A-8B2ABB3D87BC}.Ad-Hoc|iPhone.Build.0 = Ad-Hoc|iPhone
		{9471883D-11D7-4498-BE5A-8B2ABB3D87BC}.Ad-Hoc|iPhoneSimulator.ActiveCfg = Ad-Hoc|iPhoneSimulator
		{9471883D-11D7-4498-BE5A-8B2ABB3D87BC}.Ad-Hoc|iPhoneSimulator.Build.0 = Ad-Hoc|iPhoneSimulator
		{9471883D-11D7-4498-BE5A-8B2ABB3D87BC}.Ad-Hoc|x86.ActiveCfg = Ad-Hoc|iPhoneSimulator
		{9471883D-11D7-4498-BE5A-8B2ABB3D87BC}.AppStore|Any CPU.ActiveCfg = AppStore|iPhone
		{9471883D-11D7-4498-BE5A-8B2ABB3D87BC}.AppStore|ARM.ActiveCfg = AppStore|iPhoneSimulator
		{9471883D-11D7-4498-BE5A-8B2ABB3D87BC}.AppStore|iPhone.ActiveCfg = AppStore|iPhone
		{9471883D-11D7-4498-BE5A-8B2ABB3D87BC}.AppStore|iPhone.Build.0 = AppStore|iPhone
		{9471883D-11D7-4498-BE5A-8B2ABB3D87BC}.AppStore|iPhoneSimulator.ActiveCfg = AppStore|iPhoneSimulator
		{9471883D-11D7-4498-BE5A-8B2ABB3D87BC}.AppStore|iPhoneSimulator.Build.0 = AppStore|iPhoneSimulator
		{9471883D-11D7-4498-BE5A-8B2ABB3D87BC}.AppStore|x86.ActiveCfg = AppStore|iPhoneSimulator
		{9471883D-11D7-4498-BE5A-8B2ABB3D87BC}.Debug|Any CPU.ActiveCfg = Debug|iPhone
		{9471883D-11D7-4498-BE5A-8B2ABB3D87BC}.Debug|ARM.ActiveCfg = Debug|iPhoneSimulator
		{9471883D-11D7-4498-BE5A-8B2ABB3D87BC}.Debug|iPhone.ActiveCfg = Debug|iPhone
		{9471883D-11D7-4498-BE5A-8B2ABB3D87BC}.Debug|iPhone.Build.0 = Debug|iPhone
		{9471883D-11D7-4498-BE5A-8B2ABB3D87BC}.Debug|iPhoneSimulator.ActiveCfg = Debug|iPhoneSimulator
		{9471883D-11D7-4498-BE5A-8B2ABB3D87BC}.Debug|iPhoneSimulator.Build.0 = Debug|iPhoneSimulator
		{9471883D-11D7-4498-BE5A-8B2ABB3D87BC}.Debug|x86.ActiveCfg = Debug|iPhoneSimulator
		{9471883D-11D7-4498-BE5A-8B2ABB3D87BC}.Release|Any CPU.ActiveCfg = Release|iPhoneSimulator
		{9471883D-11D7-4498-BE5A-8B2ABB3D87BC}.Release|ARM.ActiveCfg = Release|iPhone
		{9471883D-11D7-4498-BE5A-8B2ABB3D87BC}.Release|iPhone.ActiveCfg = Release|iPhone
		{9471883D-11D7-4498-BE5A-8B2ABB3D87BC}.Release|iPhone.Build.0 = Release|iPhone
		{9471883D-11D7-4498-BE5A-8B2ABB3D87BC}.Release|iPhoneSimulator.ActiveCfg = Release|iPhoneSimulator
		{9471883D-11D7-4498-BE5A-8B2ABB3D87BC}.Release|iPhoneSimulator.Build.0 = Release|iPhoneSimulator
		{9471883D-11D7-4498-BE5A-8B2ABB3D87BC}.Release|x86.ActiveCfg = Release|iPhoneSimulator
		{E3BA8186-FE45-494A-BD79-8673A361857A}.Ad-Hoc|Any CPU.ActiveCfg = Release|Any CPU
		{E3BA8186-FE45-494A-BD79-8673A361857A}.Ad-Hoc|ARM.ActiveCfg = Release|Any CPU
		{E3BA8186-FE45-494A-BD79-8673A361857A}.Ad-Hoc|iPhone.ActiveCfg = Release|Any CPU
		{E3BA8186-FE45-494A-BD79-8673A361857A}.Ad-Hoc|iPhoneSimulator.ActiveCfg = Release|Any CPU
		{E3BA8186-FE45-494A-BD79-8673A361857A}.Ad-Hoc|x86.ActiveCfg = Release|Any CPU
		{E3BA8186-FE45-494A-BD79-8673A361857A}.AppStore|Any CPU.ActiveCfg = Release|Any CPU
		{E3BA8186-FE45-494A-BD79-8673A361857A}.AppStore|ARM.ActiveCfg = Release|Any CPU
		{E3BA8186-FE45-494A-BD79-8673A361857A}.AppStore|iPhone.ActiveCfg = Release|Any CPU
		{E3BA8186-FE45-494A-BD79-8673A361857A}.AppStore|iPhoneSimulator.ActiveCfg = Release|Any CPU
		{E3BA8186-FE45-494A-BD79-8673A361857A}.AppStore|x86.ActiveCfg = Release|Any CPU
		{E3BA8186-FE45-494A-BD79-8673A361857A}.Debug|Any CPU.ActiveCfg = Debug|Any CPU
		{E3BA8186-FE45-494A-BD79-8673A361857A}.Debug|Any CPU.Build.0 = Debug|Any CPU
		{E3BA8186-FE45-494A-BD79-8673A361857A}.Debug|Any CPU.Deploy.0 = Debug|Any CPU
		{E3BA8186-FE45-494A-BD79-8673A361857A}.Debug|ARM.ActiveCfg = Debug|Any CPU
		{E3BA8186-FE45-494A-BD79-8673A361857A}.Debug|iPhone.ActiveCfg = Debug|Any CPU
		{E3BA8186-FE45-494A-BD79-8673A361857A}.Debug|iPhoneSimulator.ActiveCfg = Debug|Any CPU
		{E3BA8186-FE45-494A-BD79-8673A361857A}.Debug|x86.ActiveCfg = Debug|Any CPU
		{E3BA8186-FE45-494A-BD79-8673A361857A}.Release|Any CPU.ActiveCfg = Release|Any CPU
		{E3BA8186-FE45-494A-BD79-8673A361857A}.Release|Any CPU.Build.0 = Release|Any CPU
		{E3BA8186-FE45-494A-BD79-8673A361857A}.Release|Any CPU.Deploy.0 = Release|Any CPU
		{E3BA8186-FE45-494A-BD79-8673A361857A}.Release|ARM.ActiveCfg = Release|Any CPU
		{E3BA8186-FE45-494A-BD79-8673A361857A}.Release|iPhone.ActiveCfg = Release|Any CPU
		{E3BA8186-FE45-494A-BD79-8673A361857A}.Release|iPhoneSimulator.ActiveCfg = Release|Any CPU
		{E3BA8186-FE45-494A-BD79-8673A361857A}.Release|x86.ActiveCfg = Release|Any CPU
		{D86AB7A9-B63C-493D-A911-5AC71BE7C59C}.Ad-Hoc|Any CPU.ActiveCfg = Release|Any CPU
		{D86AB7A9-B63C-493D-A911-5AC71BE7C59C}.Ad-Hoc|ARM.ActiveCfg = Release|ARM
		{D86AB7A9-B63C-493D-A911-5AC71BE7C59C}.Ad-Hoc|iPhone.ActiveCfg = Release|Any CPU
		{D86AB7A9-B63C-493D-A911-5AC71BE7C59C}.Ad-Hoc|iPhoneSimulator.ActiveCfg = Release|Any CPU
		{D86AB7A9-B63C-493D-A911-5AC71BE7C59C}.Ad-Hoc|x86.ActiveCfg = Release|x86
		{D86AB7A9-B63C-493D-A911-5AC71BE7C59C}.AppStore|Any CPU.ActiveCfg = Release|Any CPU
		{D86AB7A9-B63C-493D-A911-5AC71BE7C59C}.AppStore|ARM.ActiveCfg = Release|ARM
		{D86AB7A9-B63C-493D-A911-5AC71BE7C59C}.AppStore|iPhone.ActiveCfg = Release|Any CPU
		{D86AB7A9-B63C-493D-A911-5AC71BE7C59C}.AppStore|iPhoneSimulator.ActiveCfg = Release|Any CPU
		{D86AB7A9-B63C-493D-A911-5AC71BE7C59C}.AppStore|x86.ActiveCfg = Release|x86
		{D86AB7A9-B63C-493D-A911-5AC71BE7C59C}.Debug|Any CPU.ActiveCfg = Debug|Any CPU
		{D86AB7A9-B63C-493D-A911-5AC71BE7C59C}.Debug|Any CPU.Build.0 = Debug|Any CPU
		{D86AB7A9-B63C-493D-A911-5AC71BE7C59C}.Debug|Any CPU.Deploy.0 = Debug|Any CPU
		{D86AB7A9-B63C-493D-A911-5AC71BE7C59C}.Debug|ARM.ActiveCfg = Debug|ARM
		{D86AB7A9-B63C-493D-A911-5AC71BE7C59C}.Debug|ARM.Build.0 = Debug|ARM
		{D86AB7A9-B63C-493D-A911-5AC71BE7C59C}.Debug|ARM.Deploy.0 = Debug|ARM
		{D86AB7A9-B63C-493D-A911-5AC71BE7C59C}.Debug|iPhone.ActiveCfg = Debug|Any CPU
		{D86AB7A9-B63C-493D-A911-5AC71BE7C59C}.Debug|iPhoneSimulator.ActiveCfg = Debug|Any CPU
		{D86AB7A9-B63C-493D-A911-5AC71BE7C59C}.Debug|x86.ActiveCfg = Debug|x86
		{D86AB7A9-B63C-493D-A911-5AC71BE7C59C}.Debug|x86.Build.0 = Debug|x86
		{D86AB7A9-B63C-493D-A911-5AC71BE7C59C}.Debug|x86.Deploy.0 = Debug|x86
		{D86AB7A9-B63C-493D-A911-5AC71BE7C59C}.Release|Any CPU.ActiveCfg = Release|Any CPU
		{D86AB7A9-B63C-493D-A911-5AC71BE7C59C}.Release|Any CPU.Build.0 = Release|Any CPU
		{D86AB7A9-B63C-493D-A911-5AC71BE7C59C}.Release|Any CPU.Deploy.0 = Release|Any CPU
		{D86AB7A9-B63C-493D-A911-5AC71BE7C59C}.Release|ARM.ActiveCfg = Release|ARM
		{D86AB7A9-B63C-493D-A911-5AC71BE7C59C}.Release|ARM.Build.0 = Release|ARM
		{D86AB7A9-B63C-493D-A911-5AC71BE7C59C}.Release|ARM.Deploy.0 = Release|ARM
		{D86AB7A9-B63C-493D-A911-5AC71BE7C59C}.Release|iPhone.ActiveCfg = Release|Any CPU
		{D86AB7A9-B63C-493D-A911-5AC71BE7C59C}.Release|iPhoneSimulator.ActiveCfg = Release|Any CPU
		{D86AB7A9-B63C-493D-A911-5AC71BE7C59C}.Release|x86.ActiveCfg = Release|x86
		{D86AB7A9-B63C-493D-A911-5AC71BE7C59C}.Release|x86.Build.0 = Release|x86
		{D86AB7A9-B63C-493D-A911-5AC71BE7C59C}.Release|x86.Deploy.0 = Release|x86
		{3D448852-71F9-471F-ACD0-B4A8AC9A5208}.Ad-Hoc|Any CPU.ActiveCfg = Release|Any CPU
		{3D448852-71F9-471F-ACD0-B4A8AC9A5208}.Ad-Hoc|ARM.ActiveCfg = Release|Any CPU
		{3D448852-71F9-471F-ACD0-B4A8AC9A5208}.Ad-Hoc|iPhone.ActiveCfg = Release|Any CPU
		{3D448852-71F9-471F-ACD0-B4A8AC9A5208}.Ad-Hoc|iPhoneSimulator.ActiveCfg = Release|Any CPU
		{3D448852-71F9-471F-ACD0-B4A8AC9A5208}.Ad-Hoc|x86.ActiveCfg = Release|Any CPU
		{3D448852-71F9-471F-ACD0-B4A8AC9A5208}.AppStore|Any CPU.ActiveCfg = Release|Any CPU
		{3D448852-71F9-471F-ACD0-B4A8AC9A5208}.AppStore|ARM.ActiveCfg = Release|Any CPU
		{3D448852-71F9-471F-ACD0-B4A8AC9A5208}.AppStore|iPhone.ActiveCfg = Release|Any CPU
		{3D448852-71F9-471F-ACD0-B4A8AC9A5208}.AppStore|iPhoneSimulator.ActiveCfg = Release|Any CPU
		{3D448852-71F9-471F-ACD0-B4A8AC9A5208}.AppStore|x86.ActiveCfg = Release|Any CPU
		{3D448852-71F9-471F-ACD0-B4A8AC9A5208}.Debug|Any CPU.ActiveCfg = Debug|Any CPU
		{3D448852-71F9-471F-ACD0-B4A8AC9A5208}.Debug|Any CPU.Build.0 = Debug|Any CPU
		{3D448852-71F9-471F-ACD0-B4A8AC9A5208}.Debug|ARM.ActiveCfg = Debug|Any CPU
		{3D448852-71F9-471F-ACD0-B4A8AC9A5208}.Debug|iPhone.ActiveCfg = Debug|Any CPU
		{3D448852-71F9-471F-ACD0-B4A8AC9A5208}.Debug|iPhoneSimulator.ActiveCfg = Debug|Any CPU
		{3D448852-71F9-471F-ACD0-B4A8AC9A5208}.Debug|x86.ActiveCfg = Debug|Any CPU
		{3D448852-71F9-471F-ACD0-B4A8AC9A5208}.Release|Any CPU.ActiveCfg = Release|Any CPU
		{3D448852-71F9-471F-ACD0-B4A8AC9A5208}.Release|Any CPU.Build.0 = Release|Any CPU
		{3D448852-71F9-471F-ACD0-B4A8AC9A5208}.Release|ARM.ActiveCfg = Release|Any CPU
		{3D448852-71F9-471F-ACD0-B4A8AC9A5208}.Release|iPhone.ActiveCfg = Release|Any CPU
		{3D448852-71F9-471F-ACD0-B4A8AC9A5208}.Release|iPhoneSimulator.ActiveCfg = Release|Any CPU
		{3D448852-71F9-471F-ACD0-B4A8AC9A5208}.Release|x86.ActiveCfg = Release|Any CPU
		{F0B0BC6E-D4AB-4B1A-9937-80798B243C78}.Ad-Hoc|Any CPU.ActiveCfg = Release|Any CPU
		{F0B0BC6E-D4AB-4B1A-9937-80798B243C78}.Ad-Hoc|ARM.ActiveCfg = Release|Any CPU
		{F0B0BC6E-D4AB-4B1A-9937-80798B243C78}.Ad-Hoc|iPhone.ActiveCfg = Release|Any CPU
		{F0B0BC6E-D4AB-4B1A-9937-80798B243C78}.Ad-Hoc|iPhone.Build.0 = Release|Any CPU
		{F0B0BC6E-D4AB-4B1A-9937-80798B243C78}.Ad-Hoc|iPhoneSimulator.ActiveCfg = Release|Any CPU
		{F0B0BC6E-D4AB-4B1A-9937-80798B243C78}.Ad-Hoc|iPhoneSimulator.Build.0 = Release|Any CPU
		{F0B0BC6E-D4AB-4B1A-9937-80798B243C78}.Ad-Hoc|x86.ActiveCfg = Release|Any CPU
		{F0B0BC6E-D4AB-4B1A-9937-80798B243C78}.AppStore|Any CPU.ActiveCfg = Release|Any CPU
		{F0B0BC6E-D4AB-4B1A-9937-80798B243C78}.AppStore|ARM.ActiveCfg = Release|Any CPU
		{F0B0BC6E-D4AB-4B1A-9937-80798B243C78}.AppStore|iPhone.ActiveCfg = Release|Any CPU
		{F0B0BC6E-D4AB-4B1A-9937-80798B243C78}.AppStore|iPhone.Build.0 = Release|Any CPU
		{F0B0BC6E-D4AB-4B1A-9937-80798B243C78}.AppStore|iPhoneSimulator.ActiveCfg = Release|Any CPU
		{F0B0BC6E-D4AB-4B1A-9937-80798B243C78}.AppStore|iPhoneSimulator.Build.0 = Release|Any CPU
		{F0B0BC6E-D4AB-4B1A-9937-80798B243C78}.AppStore|x86.ActiveCfg = Release|Any CPU
		{F0B0BC6E-D4AB-4B1A-9937-80798B243C78}.Debug|Any CPU.ActiveCfg = Debug|Any CPU
		{F0B0BC6E-D4AB-4B1A-9937-80798B243C78}.Debug|Any CPU.Build.0 = Debug|Any CPU
		{F0B0BC6E-D4AB-4B1A-9937-80798B243C78}.Debug|ARM.ActiveCfg = Debug|Any CPU
		{F0B0BC6E-D4AB-4B1A-9937-80798B243C78}.Debug|ARM.Build.0 = Debug|Any CPU
		{F0B0BC6E-D4AB-4B1A-9937-80798B243C78}.Debug|iPhone.ActiveCfg = Debug|Any CPU
		{F0B0BC6E-D4AB-4B1A-9937-80798B243C78}.Debug|iPhone.Build.0 = Debug|Any CPU
		{F0B0BC6E-D4AB-4B1A-9937-80798B243C78}.Debug|iPhoneSimulator.ActiveCfg = Debug|Any CPU
		{F0B0BC6E-D4AB-4B1A-9937-80798B243C78}.Debug|iPhoneSimulator.Build.0 = Debug|Any CPU
		{F0B0BC6E-D4AB-4B1A-9937-80798B243C78}.Debug|x86.ActiveCfg = Debug|Any CPU
		{F0B0BC6E-D4AB-4B1A-9937-80798B243C78}.Debug|x86.Build.0 = Debug|Any CPU
		{F0B0BC6E-D4AB-4B1A-9937-80798B243C78}.Release|Any CPU.ActiveCfg = Release|Any CPU
		{F0B0BC6E-D4AB-4B1A-9937-80798B243C78}.Release|Any CPU.Build.0 = Release|Any CPU
		{F0B0BC6E-D4AB-4B1A-9937-80798B243C78}.Release|ARM.ActiveCfg = Release|Any CPU
		{F0B0BC6E-D4AB-4B1A-9937-80798B243C78}.Release|ARM.Build.0 = Release|Any CPU
		{F0B0BC6E-D4AB-4B1A-9937-80798B243C78}.Release|iPhone.ActiveCfg = Release|Any CPU
		{F0B0BC6E-D4AB-4B1A-9937-80798B243C78}.Release|iPhone.Build.0 = Release|Any CPU
		{F0B0BC6E-D4AB-4B1A-9937-80798B243C78}.Release|iPhoneSimulator.ActiveCfg = Release|Any CPU
		{F0B0BC6E-D4AB-4B1A-9937-80798B243C78}.Release|iPhoneSimulator.Build.0 = Release|Any CPU
		{F0B0BC6E-D4AB-4B1A-9937-80798B243C78}.Release|x86.ActiveCfg = Release|Any CPU
		{F0B0BC6E-D4AB-4B1A-9937-80798B243C78}.Release|x86.Build.0 = Release|Any CPU
		{31700EEA-6A9E-4E2D-83B6-73B02EBCE944}.Ad-Hoc|Any CPU.ActiveCfg = Release|Any CPU
		{31700EEA-6A9E-4E2D-83B6-73B02EBCE944}.Ad-Hoc|ARM.ActiveCfg = Release|Any CPU
		{31700EEA-6A9E-4E2D-83B6-73B02EBCE944}.Ad-Hoc|iPhone.ActiveCfg = Release|Any CPU
		{31700EEA-6A9E-4E2D-83B6-73B02EBCE944}.Ad-Hoc|iPhone.Build.0 = Release|Any CPU
		{31700EEA-6A9E-4E2D-83B6-73B02EBCE944}.Ad-Hoc|iPhoneSimulator.ActiveCfg = Release|Any CPU
		{31700EEA-6A9E-4E2D-83B6-73B02EBCE944}.Ad-Hoc|iPhoneSimulator.Build.0 = Release|Any CPU
		{31700EEA-6A9E-4E2D-83B6-73B02EBCE944}.Ad-Hoc|x86.ActiveCfg = Release|Any CPU
		{31700EEA-6A9E-4E2D-83B6-73B02EBCE944}.AppStore|Any CPU.ActiveCfg = Release|Any CPU
		{31700EEA-6A9E-4E2D-83B6-73B02EBCE944}.AppStore|ARM.ActiveCfg = Release|Any CPU
		{31700EEA-6A9E-4E2D-83B6-73B02EBCE944}.AppStore|iPhone.ActiveCfg = Release|Any CPU
		{31700EEA-6A9E-4E2D-83B6-73B02EBCE944}.AppStore|iPhone.Build.0 = Release|Any CPU
		{31700EEA-6A9E-4E2D-83B6-73B02EBCE944}.AppStore|iPhoneSimulator.ActiveCfg = Release|Any CPU
		{31700EEA-6A9E-4E2D-83B6-73B02EBCE944}.AppStore|iPhoneSimulator.Build.0 = Release|Any CPU
		{31700EEA-6A9E-4E2D-83B6-73B02EBCE944}.AppStore|x86.ActiveCfg = Release|Any CPU
		{31700EEA-6A9E-4E2D-83B6-73B02EBCE944}.Debug|Any CPU.ActiveCfg = Debug|Any CPU
		{31700EEA-6A9E-4E2D-83B6-73B02EBCE944}.Debug|Any CPU.Build.0 = Debug|Any CPU
		{31700EEA-6A9E-4E2D-83B6-73B02EBCE944}.Debug|ARM.ActiveCfg = Debug|Any CPU
		{31700EEA-6A9E-4E2D-83B6-73B02EBCE944}.Debug|ARM.Build.0 = Debug|Any CPU
		{31700EEA-6A9E-4E2D-83B6-73B02EBCE944}.Debug|iPhone.ActiveCfg = Debug|Any CPU
		{31700EEA-6A9E-4E2D-83B6-73B02EBCE944}.Debug|iPhone.Build.0 = Debug|Any CPU
		{31700EEA-6A9E-4E2D-83B6-73B02EBCE944}.Debug|iPhoneSimulator.ActiveCfg = Debug|Any CPU
		{31700EEA-6A9E-4E2D-83B6-73B02EBCE944}.Debug|iPhoneSimulator.Build.0 = Debug|Any CPU
		{31700EEA-6A9E-4E2D-83B6-73B02EBCE944}.Debug|x86.ActiveCfg = Debug|Any CPU
		{31700EEA-6A9E-4E2D-83B6-73B02EBCE944}.Debug|x86.Build.0 = Debug|Any CPU
		{31700EEA-6A9E-4E2D-83B6-73B02EBCE944}.Release|Any CPU.ActiveCfg = Release|Any CPU
		{31700EEA-6A9E-4E2D-83B6-73B02EBCE944}.Release|Any CPU.Build.0 = Release|Any CPU
		{31700EEA-6A9E-4E2D-83B6-73B02EBCE944}.Release|ARM.ActiveCfg = Release|Any CPU
		{31700EEA-6A9E-4E2D-83B6-73B02EBCE944}.Release|ARM.Build.0 = Release|Any CPU
		{31700EEA-6A9E-4E2D-83B6-73B02EBCE944}.Release|iPhone.ActiveCfg = Release|Any CPU
		{31700EEA-6A9E-4E2D-83B6-73B02EBCE944}.Release|iPhone.Build.0 = Release|Any CPU
		{31700EEA-6A9E-4E2D-83B6-73B02EBCE944}.Release|iPhoneSimulator.ActiveCfg = Release|Any CPU
		{31700EEA-6A9E-4E2D-83B6-73B02EBCE944}.Release|iPhoneSimulator.Build.0 = Release|Any CPU
		{31700EEA-6A9E-4E2D-83B6-73B02EBCE944}.Release|x86.ActiveCfg = Release|Any CPU
		{31700EEA-6A9E-4E2D-83B6-73B02EBCE944}.Release|x86.Build.0 = Release|Any CPU
	EndGlobalSection
	GlobalSection(SolutionProperties) = preSolution
		HideSolutionNode = FALSE
	EndGlobalSection
EndGlobal
