
Microsoft Visual Studio Solution File, Format Version 12.00
# Visual Studio 2013
VisualStudioVersion = 12.0.31101.0
MinimumVisualStudioVersion = 10.0.40219.1
Project("{FAE04EC0-301F-11D3-BF4B-00C04F79EFBC}") = "MC.Console", "MC.Console\MC.Console.csproj", "{F91BDB75-909A-4CAE-B8BC-75F634E252E9}"
EndProject
Project("{FAE04EC0-301F-11D3-BF4B-00C04F79EFBC}") = "MC.Core.Test", "MC.Core.Test\MC.Core.Test.csproj", "{890FD78E-F6AF-4583-8A31-4DDD04B8B786}"
EndProject
Project("{FAE04EC0-301F-11D3-BF4B-00C04F79EFBC}") = "MC.Common", "MC.Common\MC.Common.csproj", "{EA8046CA-D7DD-4D16-9AAB-2AF9DD2A16CE}"
EndProject
Project("{FAE04EC0-301F-11D3-BF4B-00C04F79EFBC}") = "MC.Common.Test", "MC.Common.Test\MC.Common.Test.csproj", "{4F33AAC3-2430-4B5E-A02D-C81A8506E7DD}"
EndProject
Project("{FAE04EC0-301F-11D3-BF4B-00C04F79EFBC}") = "MC.Core", "MC.Core\MC.Core.csproj", "{635AD3A8-1D8A-4883-A5F6-1F536DB2858C}"
EndProject
Project("{FAE04EC0-301F-11D3-BF4B-00C04F79EFBC}") = "MC.MockServer", "MC.MockServer\MC.MockServer.csproj", "{D21EE5F2-02D0-4C12-97F0-CBF92113F335}"
EndProject
Project("{FAE04EC0-301F-11D3-BF4B-00C04F79EFBC}") = "MC.MockServer.Test", "MC.MockServer.Test\MC.MockServer.Test.csproj", "{2138148E-1F96-4347-8AFA-79310642E7FC}"
EndProject
Project("{FAE04EC0-301F-11D3-BF4B-00C04F79EFBC}") = "MC.Apple", "MC.Apple\MC.Apple.csproj", "{9471883D-11D7-4498-BE5A-8B2ABB3D87BC}"
EndProject
Project("{FAE04EC0-301F-11D3-BF4B-00C04F79EFBC}") = "MC.Android", "MC.Android\MC.Android.csproj", "{E3BA8186-FE45-494A-BD79-8673A361857A}"
EndProject
Project("{FAE04EC0-301F-11D3-BF4B-00C04F79EFBC}") = "MC.Game", "MC.Game\MC.Game.csproj", "{70678476-DD69-43F0-955F-7B8FD73E3566}"
EndProject
Project("{FAE04EC0-301F-11D3-BF4B-00C04F79EFBC}") = "MC.Windows", "MC.Windows\MC.Windows.csproj", "{D86AB7A9-B63C-493D-A911-5AC71BE7C59C}"
EndProject
Project("{FAE04EC0-301F-11D3-BF4B-00C04F79EFBC}") = "MC.Desktop", "MC.Desktop\MC.Desktop.csproj", "{3D448852-71F9-471F-ACD0-B4A8AC9A5208}"
EndProject
Project("{FAE04EC0-301F-11D3-BF4B-00C04F79EFBC}") = "Web.Teaser", "Web.Teaser\Web.Teaser.csproj", "{36309B39-BEF8-4780-936C-A7685214C87E}"
EndProject
Global
	GlobalSection(SolutionConfigurationPlatforms) = preSolution
		Ad-Hoc|Any CPU = Ad-Hoc|Any CPU
		Ad-Hoc|ARM = Ad-Hoc|ARM
		Ad-Hoc|iPhone = Ad-Hoc|iPhone
		Ad-Hoc|iPhoneSimulator = Ad-Hoc|iPhoneSimulator
		Ad-Hoc|x86 = Ad-Hoc|x86
		AppStore|Any CPU = AppStore|Any CPU
		AppStore|ARM = AppStore|ARM
		AppStore|iPhone = AppStore|iPhone
		AppStore|iPhoneSimulator = AppStore|iPhoneSimulator
		AppStore|x86 = AppStore|x86
		Debug|Any CPU = Debug|Any CPU
		Debug|ARM = Debug|ARM
		Debug|iPhone = Debug|iPhone
		Debug|iPhoneSimulator = Debug|iPhoneSimulator
		Debug|x86 = Debug|x86
		Release|Any CPU = Release|Any CPU
		Release|ARM = Release|ARM
		Release|iPhone = Release|iPhone
		Release|iPhoneSimulator = Release|iPhoneSimulator
		Release|x86 = Release|x86
	EndGlobalSection
	GlobalSection(ProjectConfigurationPlatforms) = postSolution
		{F91BDB75-909A-4CAE-B8BC-75F634E252E9}.Ad-Hoc|Any CPU.ActiveCfg = Release|Any CPU
		{F91BDB75-909A-4CAE-B8BC-75F634E252E9}.Ad-Hoc|ARM.ActiveCfg = Release|Any CPU
		{F91BDB75-909A-4CAE-B8BC-75F634E252E9}.Ad-Hoc|iPhone.ActiveCfg = Release|Any CPU
		{F91BDB75-909A-4CAE-B8BC-75F634E252E9}.Ad-Hoc|iPhoneSimulator.ActiveCfg = Release|Any CPU
		{F91BDB75-909A-4CAE-B8BC-75F634E252E9}.Ad-Hoc|x86.ActiveCfg = Release|Any CPU
		{F91BDB75-909A-4CAE-B8BC-75F634E252E9}.AppStore|Any CPU.ActiveCfg = Release|Any CPU
		{F91BDB75-909A-4CAE-B8BC-75F634E252E9}.AppStore|ARM.ActiveCfg = Release|Any CPU
		{F91BDB75-909A-4CAE-B8BC-75F634E252E9}.AppStore|iPhone.ActiveCfg = Release|Any CPU
		{F91BDB75-909A-4CAE-B8BC-75F634E252E9}.AppStore|iPhoneSimulator.ActiveCfg = Release|Any CPU
		{F91BDB75-909A-4CAE-B8BC-75F634E252E9}.AppStore|x86.ActiveCfg = Release|Any CPU
		{F91BDB75-909A-4CAE-B8BC-75F634E252E9}.Debug|Any CPU.ActiveCfg = Debug|Any CPU
		{F91BDB75-909A-4CAE-B8BC-75F634E252E9}.Debug|Any CPU.Build.0 = Debug|Any CPU
		{F91BDB75-909A-4CAE-B8BC-75F634E252E9}.Debug|ARM.ActiveCfg = Debug|Any CPU
		{F91BDB75-909A-4CAE-B8BC-75F634E252E9}.Debug|iPhone.ActiveCfg = Debug|Any CPU
		{F91BDB75-909A-4CAE-B8BC-75F634E252E9}.Debug|iPhoneSimulator.ActiveCfg = Debug|Any CPU
		{F91BDB75-909A-4CAE-B8BC-75F634E252E9}.Debug|x86.ActiveCfg = Debug|Any CPU
		{F91BDB75-909A-4CAE-B8BC-75F634E252E9}.Release|Any CPU.ActiveCfg = Release|Any CPU
		{F91BDB75-909A-4CAE-B8BC-75F634E252E9}.Release|Any CPU.Build.0 = Release|Any CPU
		{F91BDB75-909A-4CAE-B8BC-75F634E252E9}.Release|ARM.ActiveCfg = Release|Any CPU
		{F91BDB75-909A-4CAE-B8BC-75F634E252E9}.Release|iPhone.ActiveCfg = Release|Any CPU
		{F91BDB75-909A-4CAE-B8BC-75F634E252E9}.Release|iPhoneSimulator.ActiveCfg = Release|Any CPU
		{F91BDB75-909A-4CAE-B8BC-75F634E252E9}.Release|x86.ActiveCfg = Release|Any CPU
		{890FD78E-F6AF-4583-8A31-4DDD04B8B786}.Ad-Hoc|Any CPU.ActiveCfg = Release|Any CPU
		{890FD78E-F6AF-4583-8A31-4DDD04B8B786}.Ad-Hoc|ARM.ActiveCfg = Release|Any CPU
		{890FD78E-F6AF-4583-8A31-4DDD04B8B786}.Ad-Hoc|iPhone.ActiveCfg = Release|Any CPU
		{890FD78E-F6AF-4583-8A31-4DDD04B8B786}.Ad-Hoc|iPhoneSimulator.ActiveCfg = Release|Any CPU
		{890FD78E-F6AF-4583-8A31-4DDD04B8B786}.Ad-Hoc|x86.ActiveCfg = Release|Any CPU
		{890FD78E-F6AF-4583-8A31-4DDD04B8B786}.AppStore|Any CPU.ActiveCfg = Release|Any CPU
		{890FD78E-F6AF-4583-8A31-4DDD04B8B786}.AppStore|ARM.ActiveCfg = Release|Any CPU
		{890FD78E-F6AF-4583-8A31-4DDD04B8B786}.AppStore|iPhone.ActiveCfg = Release|Any CPU
		{890FD78E-F6AF-4583-8A31-4DDD04B8B786}.AppStore|iPhoneSimulator.ActiveCfg = Release|Any CPU
		{890FD78E-F6AF-4583-8A31-4DDD04B8B786}.AppStore|x86.ActiveCfg = Release|Any CPU
		{890FD78E-F6AF-4583-8A31-4DDD04B8B786}.Debug|Any CPU.ActiveCfg = Debug|Any CPU
		{890FD78E-F6AF-4583-8A31-4DDD04B8B786}.Debug|ARM.ActiveCfg = Debug|Any CPU
		{890FD78E-F6AF-4583-8A31-4DDD04B8B786}.Debug|iPhone.ActiveCfg = Debug|Any CPU
		{890FD78E-F6AF-4583-8A31-4DDD04B8B786}.Debug|iPhoneSimulator.ActiveCfg = Debug|Any CPU
		{890FD78E-F6AF-4583-8A31-4DDD04B8B786}.Debug|x86.ActiveCfg = Debug|Any CPU
		{890FD78E-F6AF-4583-8A31-4DDD04B8B786}.Release|Any CPU.ActiveCfg = Release|Any CPU
		{890FD78E-F6AF-4583-8A31-4DDD04B8B786}.Release|ARM.ActiveCfg = Release|Any CPU
		{890FD78E-F6AF-4583-8A31-4DDD04B8B786}.Release|iPhone.ActiveCfg = Release|Any CPU
		{890FD78E-F6AF-4583-8A31-4DDD04B8B786}.Release|iPhoneSimulator.ActiveCfg = Release|Any CPU
		{890FD78E-F6AF-4583-8A31-4DDD04B8B786}.Release|x86.ActiveCfg = Release|Any CPU
		{EA8046CA-D7DD-4D16-9AAB-2AF9DD2A16CE}.Ad-Hoc|Any CPU.ActiveCfg = Release|Any CPU
		{EA8046CA-D7DD-4D16-9AAB-2AF9DD2A16CE}.Ad-Hoc|ARM.ActiveCfg = Release|Any CPU
		{EA8046CA-D7DD-4D16-9AAB-2AF9DD2A16CE}.Ad-Hoc|iPhone.ActiveCfg = Release|Any CPU
		{EA8046CA-D7DD-4D16-9AAB-2AF9DD2A16CE}.Ad-Hoc|iPhone.Build.0 = Release|Any CPU
		{EA8046CA-D7DD-4D16-9AAB-2AF9DD2A16CE}.Ad-Hoc|iPhoneSimulator.ActiveCfg = Release|Any CPU
		{EA8046CA-D7DD-4D16-9AAB-2AF9DD2A16CE}.Ad-Hoc|iPhoneSimulator.Build.0 = Release|Any CPU
		{EA8046CA-D7DD-4D16-9AAB-2AF9DD2A16CE}.Ad-Hoc|x86.ActiveCfg = Release|Any CPU
		{EA8046CA-D7DD-4D16-9AAB-2AF9DD2A16CE}.AppStore|Any CPU.ActiveCfg = Release|Any CPU
		{EA8046CA-D7DD-4D16-9AAB-2AF9DD2A16CE}.AppStore|ARM.ActiveCfg = Release|Any CPU
		{EA8046CA-D7DD-4D16-9AAB-2AF9DD2A16CE}.AppStore|iPhone.ActiveCfg = Release|Any CPU
		{EA8046CA-D7DD-4D16-9AAB-2AF9DD2A16CE}.AppStore|iPhone.Build.0 = Release|Any CPU
		{EA8046CA-D7DD-4D16-9AAB-2AF9DD2A16CE}.AppStore|iPhoneSimulator.ActiveCfg = Release|Any CPU
		{EA8046CA-D7DD-4D16-9AAB-2AF9DD2A16CE}.AppStore|iPhoneSimulator.Build.0 = Release|Any CPU
		{EA8046CA-D7DD-4D16-9AAB-2AF9DD2A16CE}.AppStore|x86.ActiveCfg = Release|Any CPU
		{EA8046CA-D7DD-4D16-9AAB-2AF9DD2A16CE}.Debug|Any CPU.ActiveCfg = Debug|Any CPU
		{EA8046CA-D7DD-4D16-9AAB-2AF9DD2A16CE}.Debug|Any CPU.Build.0 = Debug|Any CPU
		{EA8046CA-D7DD-4D16-9AAB-2AF9DD2A16CE}.Debug|ARM.ActiveCfg = Debug|Any CPU
		{EA8046CA-D7DD-4D16-9AAB-2AF9DD2A16CE}.Debug|ARM.Build.0 = Debug|Any CPU
		{EA8046CA-D7DD-4D16-9AAB-2AF9DD2A16CE}.Debug|iPhone.ActiveCfg = Debug|Any CPU
		{EA8046CA-D7DD-4D16-9AAB-2AF9DD2A16CE}.Debug|iPhone.Build.0 = Debug|Any CPU
		{EA8046CA-D7DD-4D16-9AAB-2AF9DD2A16CE}.Debug|iPhoneSimulator.ActiveCfg = Debug|Any CPU
		{EA8046CA-D7DD-4D16-9AAB-2AF9DD2A16CE}.Debug|iPhoneSimulator.Build.0 = Debug|Any CPU
		{EA8046CA-D7DD-4D16-9AAB-2AF9DD2A16CE}.Debug|x86.ActiveCfg = Debug|Any CPU
		{EA8046CA-D7DD-4D16-9AAB-2AF9DD2A16CE}.Debug|x86.Build.0 = Debug|Any CPU
		{EA8046CA-D7DD-4D16-9AAB-2AF9DD2A16CE}.Release|Any CPU.ActiveCfg = Release|Any CPU
		{EA8046CA-D7DD-4D16-9AAB-2AF9DD2A16CE}.Release|Any CPU.Build.0 = Release|Any CPU
		{EA8046CA-D7DD-4D16-9AAB-2AF9DD2A16CE}.Release|ARM.ActiveCfg = Release|Any CPU
		{EA8046CA-D7DD-4D16-9AAB-2AF9DD2A16CE}.Release|ARM.Build.0 = Release|Any CPU
		{EA8046CA-D7DD-4D16-9AAB-2AF9DD2A16CE}.Release|iPhone.ActiveCfg = Release|Any CPU
		{EA8046CA-D7DD-4D16-9AAB-2AF9DD2A16CE}.Release|iPhone.Build.0 = Release|Any CPU
		{EA8046CA-D7DD-4D16-9AAB-2AF9DD2A16CE}.Release|iPhoneSimulator.ActiveCfg = Release|Any CPU
		{EA8046CA-D7DD-4D16-9AAB-2AF9DD2A16CE}.Release|iPhoneSimulator.Build.0 = Release|Any CPU
		{EA8046CA-D7DD-4D16-9AAB-2AF9DD2A16CE}.Release|x86.ActiveCfg = Release|Any CPU
		{EA8046CA-D7DD-4D16-9AAB-2AF9DD2A16CE}.Release|x86.Build.0 = Release|Any CPU
		{4F33AAC3-2430-4B5E-A02D-C81A8506E7DD}.Ad-Hoc|Any CPU.ActiveCfg = Release|Any CPU
		{4F33AAC3-2430-4B5E-A02D-C81A8506E7DD}.Ad-Hoc|ARM.ActiveCfg = Release|Any CPU
		{4F33AAC3-2430-4B5E-A02D-C81A8506E7DD}.Ad-Hoc|iPhone.ActiveCfg = Release|Any CPU
		{4F33AAC3-2430-4B5E-A02D-C81A8506E7DD}.Ad-Hoc|iPhoneSimulator.ActiveCfg = Release|Any CPU
		{4F33AAC3-2430-4B5E-A02D-C81A8506E7DD}.Ad-Hoc|x86.ActiveCfg = Release|Any CPU
		{4F33AAC3-2430-4B5E-A02D-C81A8506E7DD}.AppStore|Any CPU.ActiveCfg = Release|Any CPU
		{4F33AAC3-2430-4B5E-A02D-C81A8506E7DD}.AppStore|ARM.ActiveCfg = Release|Any CPU
		{4F33AAC3-2430-4B5E-A02D-C81A8506E7DD}.AppStore|iPhone.ActiveCfg = Release|Any CPU
		{4F33AAC3-2430-4B5E-A02D-C81A8506E7DD}.AppStore|iPhoneSimulator.ActiveCfg = Release|Any CPU
		{4F33AAC3-2430-4B5E-A02D-C81A8506E7DD}.AppStore|x86.ActiveCfg = Release|Any CPU
		{4F33AAC3-2430-4B5E-A02D-C81A8506E7DD}.Debug|Any CPU.ActiveCfg = Debug|Any CPU
		{4F33AAC3-2430-4B5E-A02D-C81A8506E7DD}.Debug|ARM.ActiveCfg = Debug|Any CPU
		{4F33AAC3-2430-4B5E-A02D-C81A8506E7DD}.Debug|iPhone.ActiveCfg = Debug|Any CPU
		{4F33AAC3-2430-4B5E-A02D-C81A8506E7DD}.Debug|iPhoneSimulator.ActiveCfg = Debug|Any CPU
		{4F33AAC3-2430-4B5E-A02D-C81A8506E7DD}.Debug|x86.ActiveCfg = Debug|Any CPU
		{4F33AAC3-2430-4B5E-A02D-C81A8506E7DD}.Release|Any CPU.ActiveCfg = Release|Any CPU
		{4F33AAC3-2430-4B5E-A02D-C81A8506E7DD}.Release|ARM.ActiveCfg = Release|Any CPU
		{4F33AAC3-2430-4B5E-A02D-C81A8506E7DD}.Release|iPhone.ActiveCfg = Release|Any CPU
		{4F33AAC3-2430-4B5E-A02D-C81A8506E7DD}.Release|iPhoneSimulator.ActiveCfg = Release|Any CPU
		{4F33AAC3-2430-4B5E-A02D-C81A8506E7DD}.Release|x86.ActiveCfg = Release|Any CPU
		{635AD3A8-1D8A-4883-A5F6-1F536DB2858C}.Ad-Hoc|Any CPU.ActiveCfg = Release|Any CPU
		{635AD3A8-1D8A-4883-A5F6-1F536DB2858C}.Ad-Hoc|ARM.ActiveCfg = Release|Any CPU
		{635AD3A8-1D8A-4883-A5F6-1F536DB2858C}.Ad-Hoc|iPhone.ActiveCfg = Release|Any CPU
		{635AD3A8-1D8A-4883-A5F6-1F536DB2858C}.Ad-Hoc|iPhone.Build.0 = Release|Any CPU
		{635AD3A8-1D8A-4883-A5F6-1F536DB2858C}.Ad-Hoc|iPhoneSimulator.ActiveCfg = Release|Any CPU
		{635AD3A8-1D8A-4883-A5F6-1F536DB2858C}.Ad-Hoc|iPhoneSimulator.Build.0 = Release|Any CPU
		{635AD3A8-1D8A-4883-A5F6-1F536DB2858C}.Ad-Hoc|x86.ActiveCfg = Release|Any CPU
		{635AD3A8-1D8A-4883-A5F6-1F536DB2858C}.AppStore|Any CPU.ActiveCfg = Release|Any CPU
		{635AD3A8-1D8A-4883-A5F6-1F536DB2858C}.AppStore|ARM.ActiveCfg = Release|Any CPU
		{635AD3A8-1D8A-4883-A5F6-1F536DB2858C}.AppStore|iPhone.ActiveCfg = Release|Any CPU
		{635AD3A8-1D8A-4883-A5F6-1F536DB2858C}.AppStore|iPhone.Build.0 = Release|Any CPU
		{635AD3A8-1D8A-4883-A5F6-1F536DB2858C}.AppStore|iPhoneSimulator.ActiveCfg = Release|Any CPU
		{635AD3A8-1D8A-4883-A5F6-1F536DB2858C}.AppStore|iPhoneSimulator.Build.0 = Release|Any CPU
		{635AD3A8-1D8A-4883-A5F6-1F536DB2858C}.AppStore|x86.ActiveCfg = Release|Any CPU
		{635AD3A8-1D8A-4883-A5F6-1F536DB2858C}.Debug|Any CPU.ActiveCfg = Debug|Any CPU
		{635AD3A8-1D8A-4883-A5F6-1F536DB2858C}.Debug|Any CPU.Build.0 = Debug|Any CPU
		{635AD3A8-1D8A-4883-A5F6-1F536DB2858C}.Debug|ARM.ActiveCfg = Debug|Any CPU
		{635AD3A8-1D8A-4883-A5F6-1F536DB2858C}.Debug|ARM.Build.0 = Debug|Any CPU
		{635AD3A8-1D8A-4883-A5F6-1F536DB2858C}.Debug|iPhone.ActiveCfg = Debug|Any CPU
		{635AD3A8-1D8A-4883-A5F6-1F536DB2858C}.Debug|iPhone.Build.0 = Debug|Any CPU
		{635AD3A8-1D8A-4883-A5F6-1F536DB2858C}.Debug|iPhoneSimulator.ActiveCfg = Debug|Any CPU
		{635AD3A8-1D8A-4883-A5F6-1F536DB2858C}.Debug|iPhoneSimulator.Build.0 = Debug|Any CPU
		{635AD3A8-1D8A-4883-A5F6-1F536DB2858C}.Debug|x86.ActiveCfg = Debug|Any CPU
		{635AD3A8-1D8A-4883-A5F6-1F536DB2858C}.Debug|x86.Build.0 = Debug|Any CPU
		{635AD3A8-1D8A-4883-A5F6-1F536DB2858C}.Release|Any CPU.ActiveCfg = Release|Any CPU
		{635AD3A8-1D8A-4883-A5F6-1F536DB2858C}.Release|Any CPU.Build.0 = Release|Any CPU
		{635AD3A8-1D8A-4883-A5F6-1F536DB2858C}.Release|ARM.ActiveCfg = Release|Any CPU
		{635AD3A8-1D8A-4883-A5F6-1F536DB2858C}.Release|ARM.Build.0 = Release|Any CPU
		{635AD3A8-1D8A-4883-A5F6-1F536DB2858C}.Release|iPhone.ActiveCfg = Release|Any CPU
		{635AD3A8-1D8A-4883-A5F6-1F536DB2858C}.Release|iPhone.Build.0 = Release|Any CPU
		{635AD3A8-1D8A-4883-A5F6-1F536DB2858C}.Release|iPhoneSimulator.ActiveCfg = Release|Any CPU
		{635AD3A8-1D8A-4883-A5F6-1F536DB2858C}.Release|iPhoneSimulator.Build.0 = Release|Any CPU
		{635AD3A8-1D8A-4883-A5F6-1F536DB2858C}.Release|x86.ActiveCfg = Release|Any CPU
		{635AD3A8-1D8A-4883-A5F6-1F536DB2858C}.Release|x86.Build.0 = Release|Any CPU
		{D21EE5F2-02D0-4C12-97F0-CBF92113F335}.Ad-Hoc|Any CPU.ActiveCfg = Release|Any CPU
		{D21EE5F2-02D0-4C12-97F0-CBF92113F335}.Ad-Hoc|ARM.ActiveCfg = Release|Any CPU
		{D21EE5F2-02D0-4C12-97F0-CBF92113F335}.Ad-Hoc|iPhone.ActiveCfg = Release|Any CPU
		{D21EE5F2-02D0-4C12-97F0-CBF92113F335}.Ad-Hoc|iPhone.Build.0 = Release|Any CPU
		{D21EE5F2-02D0-4C12-97F0-CBF92113F335}.Ad-Hoc|iPhoneSimulator.ActiveCfg = Release|Any CPU
		{D21EE5F2-02D0-4C12-97F0-CBF92113F335}.Ad-Hoc|iPhoneSimulator.Build.0 = Release|Any CPU
		{D21EE5F2-02D0-4C12-97F0-CBF92113F335}.Ad-Hoc|x86.ActiveCfg = Release|Any CPU
		{D21EE5F2-02D0-4C12-97F0-CBF92113F335}.AppStore|Any CPU.ActiveCfg = Release|Any CPU
		{D21EE5F2-02D0-4C12-97F0-CBF92113F335}.AppStore|ARM.ActiveCfg = Release|Any CPU
		{D21EE5F2-02D0-4C12-97F0-CBF92113F335}.AppStore|iPhone.ActiveCfg = Release|Any CPU
		{D21EE5F2-02D0-4C12-97F0-CBF92113F335}.AppStore|iPhone.Build.0 = Release|Any CPU
		{D21EE5F2-02D0-4C12-97F0-CBF92113F335}.AppStore|iPhoneSimulator.ActiveCfg = Release|Any CPU
		{D21EE5F2-02D0-4C12-97F0-CBF92113F335}.AppStore|iPhoneSimulator.Build.0 = Release|Any CPU
		{D21EE5F2-02D0-4C12-97F0-CBF92113F335}.AppStore|x86.ActiveCfg = Release|Any CPU
		{D21EE5F2-02D0-4C12-97F0-CBF92113F335}.Debug|Any CPU.ActiveCfg = Debug|Any CPU
		{D21EE5F2-02D0-4C12-97F0-CBF92113F335}.Debug|Any CPU.Build.0 = Debug|Any CPU
		{D21EE5F2-02D0-4C12-97F0-CBF92113F335}.Debug|ARM.ActiveCfg = Debug|Any CPU
		{D21EE5F2-02D0-4C12-97F0-CBF92113F335}.Debug|ARM.Build.0 = Debug|Any CPU
		{D21EE5F2-02D0-4C12-97F0-CBF92113F335}.Debug|iPhone.ActiveCfg = Debug|Any CPU
		{D21EE5F2-02D0-4C12-97F0-CBF92113F335}.Debug|iPhone.Build.0 = Debug|Any CPU
		{D21EE5F2-02D0-4C12-97F0-CBF92113F335}.Debug|iPhoneSimulator.ActiveCfg = Debug|Any CPU
		{D21EE5F2-02D0-4C12-97F0-CBF92113F335}.Debug|iPhoneSimulator.Build.0 = Debug|Any CPU
		{D21EE5F2-02D0-4C12-97F0-CBF92113F335}.Debug|x86.ActiveCfg = Debug|Any CPU
		{D21EE5F2-02D0-4C12-97F0-CBF92113F335}.Debug|x86.Build.0 = Debug|Any CPU
		{D21EE5F2-02D0-4C12-97F0-CBF92113F335}.Release|Any CPU.ActiveCfg = Release|Any CPU
		{D21EE5F2-02D0-4C12-97F0-CBF92113F335}.Release|Any CPU.Build.0 = Release|Any CPU
		{D21EE5F2-02D0-4C12-97F0-CBF92113F335}.Release|ARM.ActiveCfg = Release|Any CPU
		{D21EE5F2-02D0-4C12-97F0-CBF92113F335}.Release|ARM.Build.0 = Release|Any CPU
		{D21EE5F2-02D0-4C12-97F0-CBF92113F335}.Release|iPhone.ActiveCfg = Release|Any CPU
		{D21EE5F2-02D0-4C12-97F0-CBF92113F335}.Release|iPhone.Build.0 = Release|Any CPU
		{D21EE5F2-02D0-4C12-97F0-CBF92113F335}.Release|iPhoneSimulator.ActiveCfg = Release|Any CPU
		{D21EE5F2-02D0-4C12-97F0-CBF92113F335}.Release|iPhoneSimulator.Build.0 = Release|Any CPU
		{D21EE5F2-02D0-4C12-97F0-CBF92113F335}.Release|x86.ActiveCfg = Release|Any CPU
		{D21EE5F2-02D0-4C12-97F0-CBF92113F335}.Release|x86.Build.0 = Release|Any CPU
		{2138148E-1F96-4347-8AFA-79310642E7FC}.Ad-Hoc|Any CPU.ActiveCfg = Release|Any CPU
		{2138148E-1F96-4347-8AFA-79310642E7FC}.Ad-Hoc|ARM.ActiveCfg = Release|Any CPU
		{2138148E-1F96-4347-8AFA-79310642E7FC}.Ad-Hoc|iPhone.ActiveCfg = Release|Any CPU
		{2138148E-1F96-4347-8AFA-79310642E7FC}.Ad-Hoc|iPhoneSimulator.ActiveCfg = Release|Any CPU
		{2138148E-1F96-4347-8AFA-79310642E7FC}.Ad-Hoc|x86.ActiveCfg = Release|Any CPU
		{2138148E-1F96-4347-8AFA-79310642E7FC}.AppStore|Any CPU.ActiveCfg = Release|Any CPU
		{2138148E-1F96-4347-8AFA-79310642E7FC}.AppStore|ARM.ActiveCfg = Release|Any CPU
		{2138148E-1F96-4347-8AFA-79310642E7FC}.AppStore|iPhone.ActiveCfg = Release|Any CPU
		{2138148E-1F96-4347-8AFA-79310642E7FC}.AppStore|iPhoneSimulator.ActiveCfg = Release|Any CPU
		{2138148E-1F96-4347-8AFA-79310642E7FC}.AppStore|x86.ActiveCfg = Release|Any CPU
		{2138148E-1F96-4347-8AFA-79310642E7FC}.Debug|Any CPU.ActiveCfg = Debug|Any CPU
		{2138148E-1F96-4347-8AFA-79310642E7FC}.Debug|ARM.ActiveCfg = Debug|Any CPU
		{2138148E-1F96-4347-8AFA-79310642E7FC}.Debug|iPhone.ActiveCfg = Debug|Any CPU
		{2138148E-1F96-4347-8AFA-79310642E7FC}.Debug|iPhoneSimulator.ActiveCfg = Debug|Any CPU
		{2138148E-1F96-4347-8AFA-79310642E7FC}.Debug|x86.ActiveCfg = Debug|Any CPU
		{2138148E-1F96-4347-8AFA-79310642E7FC}.Release|Any CPU.ActiveCfg = Release|Any CPU
		{2138148E-1F96-4347-8AFA-79310642E7FC}.Release|ARM.ActiveCfg = Release|Any CPU
		{2138148E-1F96-4347-8AFA-79310642E7FC}.Release|iPhone.ActiveCfg = Release|Any CPU
		{2138148E-1F96-4347-8AFA-79310642E7FC}.Release|iPhoneSimulator.ActiveCfg = Release|Any CPU
		{2138148E-1F96-4347-8AFA-79310642E7FC}.Release|x86.ActiveCfg = Release|Any CPU
		{9471883D-11D7-4498-BE5A-8B2ABB3D87BC}.Ad-Hoc|Any CPU.ActiveCfg = Ad-Hoc|iPhoneSimulator
		{9471883D-11D7-4498-BE5A-8B2ABB3D87BC}.Ad-Hoc|ARM.ActiveCfg = Ad-Hoc|iPhone
		{9471883D-11D7-4498-BE5A-8B2ABB3D87BC}.Ad-Hoc|iPhone.ActiveCfg = Ad-Hoc|iPhone
		{9471883D-11D7-4498-BE5A-8B2ABB3D87BC}.Ad-Hoc|iPhone.Build.0 = Ad-Hoc|iPhone
		{9471883D-11D7-4498-BE5A-8B2ABB3D87BC}.Ad-Hoc|iPhoneSimulator.ActiveCfg = Ad-Hoc|iPhoneSimulator
		{9471883D-11D7-4498-BE5A-8B2ABB3D87BC}.Ad-Hoc|iPhoneSimulator.Build.0 = Ad-Hoc|iPhoneSimulator
		{9471883D-11D7-4498-BE5A-8B2ABB3D87BC}.Ad-Hoc|x86.ActiveCfg = Ad-Hoc|iPhoneSimulator
		{9471883D-11D7-4498-BE5A-8B2ABB3D87BC}.AppStore|Any CPU.ActiveCfg = AppStore|iPhone
		{9471883D-11D7-4498-BE5A-8B2ABB3D87BC}.AppStore|ARM.ActiveCfg = AppStore|iPhoneSimulator
		{9471883D-11D7-4498-BE5A-8B2ABB3D87BC}.AppStore|iPhone.ActiveCfg = AppStore|iPhone
		{9471883D-11D7-4498-BE5A-8B2ABB3D87BC}.AppStore|iPhone.Build.0 = AppStore|iPhone
		{9471883D-11D7-4498-BE5A-8B2ABB3D87BC}.AppStore|iPhoneSimulator.ActiveCfg = AppStore|iPhoneSimulator
		{9471883D-11D7-4498-BE5A-8B2ABB3D87BC}.AppStore|iPhoneSimulator.Build.0 = AppStore|iPhoneSimulator
		{9471883D-11D7-4498-BE5A-8B2ABB3D87BC}.AppStore|x86.ActiveCfg = AppStore|iPhoneSimulator
		{9471883D-11D7-4498-BE5A-8B2ABB3D87BC}.Debug|Any CPU.ActiveCfg = Debug|iPhone
		{9471883D-11D7-4498-BE5A-8B2ABB3D87BC}.Debug|ARM.ActiveCfg = Debug|iPhoneSimulator
		{9471883D-11D7-4498-BE5A-8B2ABB3D87BC}.Debug|iPhone.ActiveCfg = Debug|iPhone
		{9471883D-11D7-4498-BE5A-8B2ABB3D87BC}.Debug|iPhone.Build.0 = Debug|iPhone
		{9471883D-11D7-4498-BE5A-8B2ABB3D87BC}.Debug|iPhoneSimulator.ActiveCfg = Debug|iPhoneSimulator
		{9471883D-11D7-4498-BE5A-8B2ABB3D87BC}.Debug|iPhoneSimulator.Build.0 = Debug|iPhoneSimulator
		{9471883D-11D7-4498-BE5A-8B2ABB3D87BC}.Debug|x86.ActiveCfg = Debug|iPhoneSimulator
		{9471883D-11D7-4498-BE5A-8B2ABB3D87BC}.Release|Any CPU.ActiveCfg = Release|iPhoneSimulator
		{9471883D-11D7-4498-BE5A-8B2ABB3D87BC}.Release|ARM.ActiveCfg = Release|iPhone
		{9471883D-11D7-4498-BE5A-8B2ABB3D87BC}.Release|iPhone.ActiveCfg = Release|iPhone
		{9471883D-11D7-4498-BE5A-8B2ABB3D87BC}.Release|iPhone.Build.0 = Release|iPhone
		{9471883D-11D7-4498-BE5A-8B2ABB3D87BC}.Release|iPhoneSimulator.ActiveCfg = Release|iPhoneSimulator
		{9471883D-11D7-4498-BE5A-8B2ABB3D87BC}.Release|iPhoneSimulator.Build.0 = Release|iPhoneSimulator
		{9471883D-11D7-4498-BE5A-8B2ABB3D87BC}.Release|x86.ActiveCfg = Release|iPhoneSimulator
		{E3BA8186-FE45-494A-BD79-8673A361857A}.Ad-Hoc|Any CPU.ActiveCfg = Release|Any CPU
		{E3BA8186-FE45-494A-BD79-8673A361857A}.Ad-Hoc|ARM.ActiveCfg = Release|Any CPU
		{E3BA8186-FE45-494A-BD79-8673A361857A}.Ad-Hoc|iPhone.ActiveCfg = Release|Any CPU
		{E3BA8186-FE45-494A-BD79-8673A361857A}.Ad-Hoc|iPhoneSimulator.ActiveCfg = Release|Any CPU
		{E3BA8186-FE45-494A-BD79-8673A361857A}.Ad-Hoc|x86.ActiveCfg = Release|Any CPU
		{E3BA8186-FE45-494A-BD79-8673A361857A}.AppStore|Any CPU.ActiveCfg = Release|Any CPU
		{E3BA8186-FE45-494A-BD79-8673A361857A}.AppStore|ARM.ActiveCfg = Release|Any CPU
		{E3BA8186-FE45-494A-BD79-8673A361857A}.AppStore|iPhone.ActiveCfg = Release|Any CPU
		{E3BA8186-FE45-494A-BD79-8673A361857A}.AppStore|iPhoneSimulator.ActiveCfg = Release|Any CPU
		{E3BA8186-FE45-494A-BD79-8673A361857A}.AppStore|x86.ActiveCfg = Release|Any CPU
		{E3BA8186-FE45-494A-BD79-8673A361857A}.Debug|Any CPU.ActiveCfg = Debug|Any CPU
		{E3BA8186-FE45-494A-BD79-8673A361857A}.Debug|Any CPU.Build.0 = Debug|Any CPU
		{E3BA8186-FE45-494A-BD79-8673A361857A}.Debug|Any CPU.Deploy.0 = Debug|Any CPU
		{E3BA8186-FE45-494A-BD79-8673A361857A}.Debug|ARM.ActiveCfg = Debug|Any CPU
		{E3BA8186-FE45-494A-BD79-8673A361857A}.Debug|iPhone.ActiveCfg = Debug|Any CPU
		{E3BA8186-FE45-494A-BD79-8673A361857A}.Debug|iPhoneSimulator.ActiveCfg = Debug|Any CPU
		{E3BA8186-FE45-494A-BD79-8673A361857A}.Debug|x86.ActiveCfg = Debug|Any CPU
		{E3BA8186-FE45-494A-BD79-8673A361857A}.Release|Any CPU.ActiveCfg = Release|Any CPU
		{E3BA8186-FE45-494A-BD79-8673A361857A}.Release|Any CPU.Build.0 = Release|Any CPU
		{E3BA8186-FE45-494A-BD79-8673A361857A}.Release|Any CPU.Deploy.0 = Release|Any CPU
		{E3BA8186-FE45-494A-BD79-8673A361857A}.Release|ARM.ActiveCfg = Release|Any CPU
		{E3BA8186-FE45-494A-BD79-8673A361857A}.Release|iPhone.ActiveCfg = Release|Any CPU
		{E3BA8186-FE45-494A-BD79-8673A361857A}.Release|iPhoneSimulator.ActiveCfg = Release|Any CPU
		{E3BA8186-FE45-494A-BD79-8673A361857A}.Release|x86.ActiveCfg = Release|Any CPU
		{70678476-DD69-43F0-955F-7B8FD73E3566}.Ad-Hoc|Any CPU.ActiveCfg = Release|Any CPU
		{70678476-DD69-43F0-955F-7B8FD73E3566}.Ad-Hoc|ARM.ActiveCfg = Release|Any CPU
		{70678476-DD69-43F0-955F-7B8FD73E3566}.Ad-Hoc|iPhone.ActiveCfg = Release|Any CPU
		{70678476-DD69-43F0-955F-7B8FD73E3566}.Ad-Hoc|iPhone.Build.0 = Release|Any CPU
		{70678476-DD69-43F0-955F-7B8FD73E3566}.Ad-Hoc|iPhoneSimulator.ActiveCfg = Release|Any CPU
		{70678476-DD69-43F0-955F-7B8FD73E3566}.Ad-Hoc|iPhoneSimulator.Build.0 = Release|Any CPU
		{70678476-DD69-43F0-955F-7B8FD73E3566}.Ad-Hoc|x86.ActiveCfg = Release|Any CPU
		{70678476-DD69-43F0-955F-7B8FD73E3566}.AppStore|Any CPU.ActiveCfg = Release|Any CPU
		{70678476-DD69-43F0-955F-7B8FD73E3566}.AppStore|ARM.ActiveCfg = Release|Any CPU
		{70678476-DD69-43F0-955F-7B8FD73E3566}.AppStore|iPhone.ActiveCfg = Release|Any CPU
		{70678476-DD69-43F0-955F-7B8FD73E3566}.AppStore|iPhone.Build.0 = Release|Any CPU
		{70678476-DD69-43F0-955F-7B8FD73E3566}.AppStore|iPhoneSimulator.ActiveCfg = Release|Any CPU
		{70678476-DD69-43F0-955F-7B8FD73E3566}.AppStore|iPhoneSimulator.Build.0 = Release|Any CPU
		{70678476-DD69-43F0-955F-7B8FD73E3566}.AppStore|x86.ActiveCfg = Release|Any CPU
		{70678476-DD69-43F0-955F-7B8FD73E3566}.Debug|Any CPU.ActiveCfg = Debug|Any CPU
		{70678476-DD69-43F0-955F-7B8FD73E3566}.Debug|Any CPU.Build.0 = Debug|Any CPU
		{70678476-DD69-43F0-955F-7B8FD73E3566}.Debug|ARM.ActiveCfg = Debug|Any CPU
		{70678476-DD69-43F0-955F-7B8FD73E3566}.Debug|ARM.Build.0 = Debug|Any CPU
		{70678476-DD69-43F0-955F-7B8FD73E3566}.Debug|iPhone.ActiveCfg = Debug|Any CPU
		{70678476-DD69-43F0-955F-7B8FD73E3566}.Debug|iPhone.Build.0 = Debug|Any CPU
		{70678476-DD69-43F0-955F-7B8FD73E3566}.Debug|iPhoneSimulator.ActiveCfg = Debug|Any CPU
		{70678476-DD69-43F0-955F-7B8FD73E3566}.Debug|iPhoneSimulator.Build.0 = Debug|Any CPU
		{70678476-DD69-43F0-955F-7B8FD73E3566}.Debug|x86.ActiveCfg = Debug|Any CPU
		{70678476-DD69-43F0-955F-7B8FD73E3566}.Debug|x86.Build.0 = Debug|Any CPU
		{70678476-DD69-43F0-955F-7B8FD73E3566}.Release|Any CPU.ActiveCfg = Release|Any CPU
		{70678476-DD69-43F0-955F-7B8FD73E3566}.Release|Any CPU.Build.0 = Release|Any CPU
		{70678476-DD69-43F0-955F-7B8FD73E3566}.Release|ARM.ActiveCfg = Release|Any CPU
		{70678476-DD69-43F0-955F-7B8FD73E3566}.Release|ARM.Build.0 = Release|Any CPU
		{70678476-DD69-43F0-955F-7B8FD73E3566}.Release|iPhone.ActiveCfg = Release|Any CPU
		{70678476-DD69-43F0-955F-7B8FD73E3566}.Release|iPhone.Build.0 = Release|Any CPU
		{70678476-DD69-43F0-955F-7B8FD73E3566}.Release|iPhoneSimulator.ActiveCfg = Release|Any CPU
		{70678476-DD69-43F0-955F-7B8FD73E3566}.Release|iPhoneSimulator.Build.0 = Release|Any CPU
		{70678476-DD69-43F0-955F-7B8FD73E3566}.Release|x86.ActiveCfg = Release|Any CPU
		{70678476-DD69-43F0-955F-7B8FD73E3566}.Release|x86.Build.0 = Release|Any CPU
		{D86AB7A9-B63C-493D-A911-5AC71BE7C59C}.Ad-Hoc|Any CPU.ActiveCfg = Release|Any CPU
		{D86AB7A9-B63C-493D-A911-5AC71BE7C59C}.Ad-Hoc|ARM.ActiveCfg = Release|ARM
		{D86AB7A9-B63C-493D-A911-5AC71BE7C59C}.Ad-Hoc|iPhone.ActiveCfg = Release|Any CPU
		{D86AB7A9-B63C-493D-A911-5AC71BE7C59C}.Ad-Hoc|iPhoneSimulator.ActiveCfg = Release|Any CPU
		{D86AB7A9-B63C-493D-A911-5AC71BE7C59C}.Ad-Hoc|x86.ActiveCfg = Release|x86
		{D86AB7A9-B63C-493D-A911-5AC71BE7C59C}.AppStore|Any CPU.ActiveCfg = Release|Any CPU
		{D86AB7A9-B63C-493D-A911-5AC71BE7C59C}.AppStore|ARM.ActiveCfg = Release|ARM
		{D86AB7A9-B63C-493D-A911-5AC71BE7C59C}.AppStore|iPhone.ActiveCfg = Release|Any CPU
		{D86AB7A9-B63C-493D-A911-5AC71BE7C59C}.AppStore|iPhoneSimulator.ActiveCfg = Release|Any CPU
		{D86AB7A9-B63C-493D-A911-5AC71BE7C59C}.AppStore|x86.ActiveCfg = Release|x86
		{D86AB7A9-B63C-493D-A911-5AC71BE7C59C}.Debug|Any CPU.ActiveCfg = Debug|Any CPU
		{D86AB7A9-B63C-493D-A911-5AC71BE7C59C}.Debug|Any CPU.Build.0 = Debug|Any CPU
		{D86AB7A9-B63C-493D-A911-5AC71BE7C59C}.Debug|Any CPU.Deploy.0 = Debug|Any CPU
		{D86AB7A9-B63C-493D-A911-5AC71BE7C59C}.Debug|ARM.ActiveCfg = Debug|ARM
		{D86AB7A9-B63C-493D-A911-5AC71BE7C59C}.Debug|ARM.Build.0 = Debug|ARM
		{D86AB7A9-B63C-493D-A911-5AC71BE7C59C}.Debug|ARM.Deploy.0 = Debug|ARM
		{D86AB7A9-B63C-493D-A911-5AC71BE7C59C}.Debug|iPhone.ActiveCfg = Debug|Any CPU
		{D86AB7A9-B63C-493D-A911-5AC71BE7C59C}.Debug|iPhoneSimulator.ActiveCfg = Debug|Any CPU
		{D86AB7A9-B63C-493D-A911-5AC71BE7C59C}.Debug|x86.ActiveCfg = Debug|x86
		{D86AB7A9-B63C-493D-A911-5AC71BE7C59C}.Debug|x86.Build.0 = Debug|x86
		{D86AB7A9-B63C-493D-A911-5AC71BE7C59C}.Debug|x86.Deploy.0 = Debug|x86
		{D86AB7A9-B63C-493D-A911-5AC71BE7C59C}.Release|Any CPU.ActiveCfg = Release|Any CPU
		{D86AB7A9-B63C-493D-A911-5AC71BE7C59C}.Release|Any CPU.Build.0 = Release|Any CPU
		{D86AB7A9-B63C-493D-A911-5AC71BE7C59C}.Release|Any CPU.Deploy.0 = Release|Any CPU
		{D86AB7A9-B63C-493D-A911-5AC71BE7C59C}.Release|ARM.ActiveCfg = Release|ARM
		{D86AB7A9-B63C-493D-A911-5AC71BE7C59C}.Release|ARM.Build.0 = Release|ARM
		{D86AB7A9-B63C-493D-A911-5AC71BE7C59C}.Release|ARM.Deploy.0 = Release|ARM
		{D86AB7A9-B63C-493D-A911-5AC71BE7C59C}.Release|iPhone.ActiveCfg = Release|Any CPU
		{D86AB7A9-B63C-493D-A911-5AC71BE7C59C}.Release|iPhoneSimulator.ActiveCfg = Release|Any CPU
		{D86AB7A9-B63C-493D-A911-5AC71BE7C59C}.Release|x86.ActiveCfg = Release|x86
		{D86AB7A9-B63C-493D-A911-5AC71BE7C59C}.Release|x86.Build.0 = Release|x86
		{D86AB7A9-B63C-493D-A911-5AC71BE7C59C}.Release|x86.Deploy.0 = Release|x86
		{3D448852-71F9-471F-ACD0-B4A8AC9A5208}.Ad-Hoc|Any CPU.ActiveCfg = Release|Any CPU
		{3D448852-71F9-471F-ACD0-B4A8AC9A5208}.Ad-Hoc|ARM.ActiveCfg = Release|Any CPU
		{3D448852-71F9-471F-ACD0-B4A8AC9A5208}.Ad-Hoc|iPhone.ActiveCfg = Release|Any CPU
		{3D448852-71F9-471F-ACD0-B4A8AC9A5208}.Ad-Hoc|iPhoneSimulator.ActiveCfg = Release|Any CPU
		{3D448852-71F9-471F-ACD0-B4A8AC9A5208}.Ad-Hoc|x86.ActiveCfg = Release|Any CPU
		{3D448852-71F9-471F-ACD0-B4A8AC9A5208}.AppStore|Any CPU.ActiveCfg = Release|Any CPU
		{3D448852-71F9-471F-ACD0-B4A8AC9A5208}.AppStore|ARM.ActiveCfg = Release|Any CPU
		{3D448852-71F9-471F-ACD0-B4A8AC9A5208}.AppStore|iPhone.ActiveCfg = Release|Any CPU
		{3D448852-71F9-471F-ACD0-B4A8AC9A5208}.AppStore|iPhoneSimulator.ActiveCfg = Release|Any CPU
		{3D448852-71F9-471F-ACD0-B4A8AC9A5208}.AppStore|x86.ActiveCfg = Release|Any CPU
		{3D448852-71F9-471F-ACD0-B4A8AC9A5208}.Debug|Any CPU.ActiveCfg = Debug|Any CPU
		{3D448852-71F9-471F-ACD0-B4A8AC9A5208}.Debug|Any CPU.Build.0 = Debug|Any CPU
		{3D448852-71F9-471F-ACD0-B4A8AC9A5208}.Debug|ARM.ActiveCfg = Debug|Any CPU
		{3D448852-71F9-471F-ACD0-B4A8AC9A5208}.Debug|iPhone.ActiveCfg = Debug|Any CPU
		{3D448852-71F9-471F-ACD0-B4A8AC9A5208}.Debug|iPhoneSimulator.ActiveCfg = Debug|Any CPU
		{3D448852-71F9-471F-ACD0-B4A8AC9A5208}.Debug|x86.ActiveCfg = Debug|Any CPU
		{3D448852-71F9-471F-ACD0-B4A8AC9A5208}.Release|Any CPU.ActiveCfg = Release|Any CPU
		{3D448852-71F9-471F-ACD0-B4A8AC9A5208}.Release|Any CPU.Build.0 = Release|Any CPU
		{3D448852-71F9-471F-ACD0-B4A8AC9A5208}.Release|ARM.ActiveCfg = Release|Any CPU
		{3D448852-71F9-471F-ACD0-B4A8AC9A5208}.Release|iPhone.ActiveCfg = Release|Any CPU
		{3D448852-71F9-471F-ACD0-B4A8AC9A5208}.Release|iPhoneSimulator.ActiveCfg = Release|Any CPU
		{3D448852-71F9-471F-ACD0-B4A8AC9A5208}.Release|x86.ActiveCfg = Release|Any CPU
		{36309B39-BEF8-4780-936C-A7685214C87E}.Ad-Hoc|Any CPU.ActiveCfg = Debug|Any CPU
		{36309B39-BEF8-4780-936C-A7685214C87E}.Ad-Hoc|Any CPU.Build.0 = Debug|Any CPU
		{36309B39-BEF8-4780-936C-A7685214C87E}.Ad-Hoc|ARM.ActiveCfg = Debug|Any CPU
		{36309B39-BEF8-4780-936C-A7685214C87E}.Ad-Hoc|iPhone.ActiveCfg = Debug|Any CPU
		{36309B39-BEF8-4780-936C-A7685214C87E}.Ad-Hoc|iPhoneSimulator.ActiveCfg = Debug|Any CPU
		{36309B39-BEF8-4780-936C-A7685214C87E}.Ad-Hoc|x86.ActiveCfg = Debug|Any CPU
		{36309B39-BEF8-4780-936C-A7685214C87E}.AppStore|Any CPU.ActiveCfg = Debug|Any CPU
		{36309B39-BEF8-4780-936C-A7685214C87E}.AppStore|Any CPU.Build.0 = Debug|Any CPU
		{36309B39-BEF8-4780-936C-A7685214C87E}.AppStore|ARM.ActiveCfg = Debug|Any CPU
		{36309B39-BEF8-4780-936C-A7685214C87E}.AppStore|iPhone.ActiveCfg = Debug|Any CPU
		{36309B39-BEF8-4780-936C-A7685214C87E}.AppStore|iPhoneSimulator.ActiveCfg = Debug|Any CPU
		{36309B39-BEF8-4780-936C-A7685214C87E}.AppStore|x86.ActiveCfg = Debug|Any CPU
		{36309B39-BEF8-4780-936C-A7685214C87E}.Debug|Any CPU.ActiveCfg = Debug|Any CPU
		{36309B39-BEF8-4780-936C-A7685214C87E}.Debug|Any CPU.Build.0 = Debug|Any CPU
		{36309B39-BEF8-4780-936C-A7685214C87E}.Debug|ARM.ActiveCfg = Debug|Any CPU
		{36309B39-BEF8-4780-936C-A7685214C87E}.Debug|iPhone.ActiveCfg = Debug|Any CPU
		{36309B39-BEF8-4780-936C-A7685214C87E}.Debug|iPhoneSimulator.ActiveCfg = Debug|Any CPU
		{36309B39-BEF8-4780-936C-A7685214C87E}.Debug|x86.ActiveCfg = Debug|Any CPU
		{36309B39-BEF8-4780-936C-A7685214C87E}.Release|Any CPU.ActiveCfg = Release|Any CPU
		{36309B39-BEF8-4780-936C-A7685214C87E}.Release|Any CPU.Build.0 = Release|Any CPU
		{36309B39-BEF8-4780-936C-A7685214C87E}.Release|ARM.ActiveCfg = Release|Any CPU
		{36309B39-BEF8-4780-936C-A7685214C87E}.Release|iPhone.ActiveCfg = Release|Any CPU
		{36309B39-BEF8-4780-936C-A7685214C87E}.Release|iPhoneSimulator.ActiveCfg = Release|Any CPU
		{36309B39-BEF8-4780-936C-A7685214C87E}.Release|x86.ActiveCfg = Release|Any CPU
	EndGlobalSection
	GlobalSection(SolutionProperties) = preSolution
		HideSolutionNode = FALSE
	EndGlobalSection
EndGlobal
